// !$*UTF8*$!
{
	archiveVersion = 1;
	classes = {
	};
	objectVersion = 54;
	objects = {

/* Begin PBXBuildFile section */
		019FC9745E2AE505FD000A6B /* SettingsStore.swift in Sources */ = {isa = PBXBuildFile; fileRef = 9A306B34C49A5B920008B9A5 /* SettingsStore.swift */; };
		30BB08B08852340A06D2BE10 /* main.swift in Sources */ = {isa = PBXBuildFile; fileRef = 08897218A6D77D02270778E9 /* main.swift */; };
		34786EA22807337D3264FD45 /* Theme.swift in Sources */ = {isa = PBXBuildFile; fileRef = A8E6D109BF2D37FC9865C57F /* Theme.swift */; };
		4115A6D3D2FA03FBB6DC60D3 /* AppDelegate.swift in Sources */ = {isa = PBXBuildFile; fileRef = FD4185DE84908EBEA04A12F1 /* AppDelegate.swift */; };
		445D48D6D01AF56513B17EED /* MenuBarController.swift in Sources */ = {isa = PBXBuildFile; fileRef = 3120FE2A8D2718664855E108 /* MenuBarController.swift */; };
		4A649D3E75AE2C85C3A6204D /* ContentView.swift in Sources */ = {isa = PBXBuildFile; fileRef = 75A1137C5A0988B19A70836B /* ContentView.swift */; };
		79F272544FDC200BDC347759 /* MenuBarPopoverView.swift in Sources */ = {isa = PBXBuildFile; fileRef = 5947EDD56ED3BD98C2234EA6 /* MenuBarPopoverView.swift */; };
		BA0D894B8A70A46864DAB7A1 /* ScreenRecordingService.swift in Sources */ = {isa = PBXBuildFile; fileRef = A05588B4B68DE905A80F476F /* ScreenRecordingService.swift */; };
		CABBF207F5B93D96E12BA6F6 /* Recording.swift in Sources */ = {isa = PBXBuildFile; fileRef = F9D21D319FE7F8FB18C55648 /* Recording.swift */; };
		D2B76C7845FC5690352465B9 /* Assets.xcassets in Resources */ = {isa = PBXBuildFile; fileRef = 1CFBA7CF7E47BD05CA7E57B4 /* Assets.xcassets */; };
		DC517FDEC057021F89F82146 /* RecordingState.swift in Sources */ = {isa = PBXBuildFile; fileRef = 29FEC4B47F828D459F514A83 /* RecordingState.swift */; };
/* End PBXBuildFile section */

/* Begin PBXFileReference section */
		08897218A6D77D02270778E9 /* main.swift */ = {isa = PBXFileReference; lastKnownFileType = sourcecode.swift; path = main.swift; sourceTree = "<group>"; };
		1CFBA7CF7E47BD05CA7E57B4 /* Assets.xcassets */ = {isa = PBXFileReference; lastKnownFileType = folder.assetcatalog; path = Assets.xcassets; sourceTree = "<group>"; };
		29FEC4B47F828D459F514A83 /* RecordingState.swift */ = {isa = PBXFileReference; lastKnownFileType = sourcecode.swift; path = RecordingState.swift; sourceTree = "<group>"; };
		3120FE2A8D2718664855E108 /* MenuBarController.swift */ = {isa = PBXFileReference; lastKnownFileType = sourcecode.swift; path = MenuBarController.swift; sourceTree = "<group>"; };
		5947EDD56ED3BD98C2234EA6 /* MenuBarPopoverView.swift */ = {isa = PBXFileReference; lastKnownFileType = sourcecode.swift; path = MenuBarPopoverView.swift; sourceTree = "<group>"; };
		6D86702A0BA8A36EFB875646 /* Recap.app */ = {isa = PBXFileReference; explicitFileType = wrapper.application; includeInIndex = 0; path = Recap.app; sourceTree = BUILT_PRODUCTS_DIR; };
		75A1137C5A0988B19A70836B /* ContentView.swift */ = {isa = PBXFileReference; lastKnownFileType = sourcecode.swift; path = ContentView.swift; sourceTree = "<group>"; };
		7717D9B586386A565BF5A58F /* Recap.entitlements */ = {isa = PBXFileReference; lastKnownFileType = text.plist.entitlements; path = Recap.entitlements; sourceTree = "<group>"; };
		9A306B34C49A5B920008B9A5 /* SettingsStore.swift */ = {isa = PBXFileReference; lastKnownFileType = sourcecode.swift; path = SettingsStore.swift; sourceTree = "<group>"; };
		A05588B4B68DE905A80F476F /* ScreenRecordingService.swift */ = {isa = PBXFileReference; lastKnownFileType = sourcecode.swift; path = ScreenRecordingService.swift; sourceTree = "<group>"; };
		A8E6D109BF2D37FC9865C57F /* Theme.swift */ = {isa = PBXFileReference; lastKnownFileType = sourcecode.swift; path = Theme.swift; sourceTree = "<group>"; };
		E086DC3FD0ED365EF9CDC0EE /* Info.plist */ = {isa = PBXFileReference; lastKnownFileType = text.plist; path = Info.plist; sourceTree = "<group>"; };
		F9D21D319FE7F8FB18C55648 /* Recording.swift */ = {isa = PBXFileReference; lastKnownFileType = sourcecode.swift; path = Recording.swift; sourceTree = "<group>"; };
		FD4185DE84908EBEA04A12F1 /* AppDelegate.swift */ = {isa = PBXFileReference; lastKnownFileType = sourcecode.swift; path = AppDelegate.swift; sourceTree = "<group>"; };
/* End PBXFileReference section */

/* Begin PBXGroup section */
		0B0ACBD0A7B68739EFC7301B /* Views */ = {
			isa = PBXGroup;
			children = (
				75A1137C5A0988B19A70836B /* ContentView.swift */,
				A8E6D109BF2D37FC9865C57F /* Theme.swift */,
			);
			path = Views;
			sourceTree = "<group>";
		};
		14B92C9ABD7FBB79DC48DA4B /* Products */ = {
			isa = PBXGroup;
			children = (
				6D86702A0BA8A36EFB875646 /* Recap.app */,
			);
			name = Products;
			sourceTree = "<group>";
		};
		25035C7BCC989687EEF0C158 /* App */ = {
			isa = PBXGroup;
			children = (
				FD4185DE84908EBEA04A12F1 /* AppDelegate.swift */,
				08897218A6D77D02270778E9 /* main.swift */,
			);
			path = App;
			sourceTree = "<group>";
		};
		4E2D2A4D8B8649B2E0FC821B /* Models */ = {
			isa = PBXGroup;
			children = (
				F9D21D319FE7F8FB18C55648 /* Recording.swift */,
				29FEC4B47F828D459F514A83 /* RecordingState.swift */,
			);
			path = Models;
			sourceTree = "<group>";
		};
		6103D31F51E46A4921D6783B /* Resources */ = {
			isa = PBXGroup;
			children = (
				1CFBA7CF7E47BD05CA7E57B4 /* Assets.xcassets */,
			);
			path = Resources;
			sourceTree = "<group>";
		};
		78FE29DDC6F2977F45F8E049 /* RECAP */ = {
			isa = PBXGroup;
			children = (
				E086DC3FD0ED365EF9CDC0EE /* Info.plist */,
				7717D9B586386A565BF5A58F /* Recap.entitlements */,
				25035C7BCC989687EEF0C158 /* App */,
				C1270052F85986B29F788095 /* MenuBar */,
				4E2D2A4D8B8649B2E0FC821B /* Models */,
				6103D31F51E46A4921D6783B /* Resources */,
				E3C12CF2143221EC5C8663E2 /* Services */,
				0B0ACBD0A7B68739EFC7301B /* Views */,
			);
			path = RECAP;
			sourceTree = "<group>";
		};
		C1270052F85986B29F788095 /* MenuBar */ = {
			isa = PBXGroup;
			children = (
				3120FE2A8D2718664855E108 /* MenuBarController.swift */,
				5947EDD56ED3BD98C2234EA6 /* MenuBarPopoverView.swift */,
			);
			path = MenuBar;
			sourceTree = "<group>";
		};
		D3A58EE0E3F12AA6CE80B96C = {
			isa = PBXGroup;
			children = (
				78FE29DDC6F2977F45F8E049 /* RECAP */,
				14B92C9ABD7FBB79DC48DA4B /* Products */,
			);
			sourceTree = "<group>";
		};
		E3C12CF2143221EC5C8663E2 /* Services */ = {
			isa = PBXGroup;
			children = (
				A05588B4B68DE905A80F476F /* ScreenRecordingService.swift */,
				9A306B34C49A5B920008B9A5 /* SettingsStore.swift */,
			);
			path = Services;
			sourceTree = "<group>";
		};
/* End PBXGroup section */

/* Begin PBXNativeTarget section */
		EAB4BCA6672825D5E0303DDE /* Recap */ = {
			isa = PBXNativeTarget;
			buildConfigurationList = 1D885D412E9D8A3B87527F43 /* Build configuration list for PBXNativeTarget "Recap" */;
			buildPhases = (
				19D8CCDFA3035C03DF862C83 /* Sources */,
				01BF3D301ABB4CCE96ABA846 /* Resources */,
			);
			buildRules = (
			);
			dependencies = (
			);
			name = Recap;
			productName = Recap;
			productReference = 6D86702A0BA8A36EFB875646 /* Recap.app */;
			productType = "com.apple.product-type.application";
		};
/* End PBXNativeTarget section */

/* Begin PBXProject section */
		3DEEBE2CE86703AC936E1FAD /* Project object */ = {
			isa = PBXProject;
			attributes = {
				BuildIndependentTargetsInParallel = YES;
				LastUpgradeCheck = 1500;
				TargetAttributes = {
					EAB4BCA6672825D5E0303DDE = {
						DevelopmentTeam = "";
						ProvisioningStyle = Manual;
					};
				};
			};
			buildConfigurationList = 427B6FA6C3213B75D1E0360B /* Build configuration list for PBXProject "Recap" */;
			compatibilityVersion = "Xcode 14.0";
			developmentRegion = en;
			hasScannedForEncodings = 0;
			knownRegions = (
				Base,
				en,
			);
			mainGroup = D3A58EE0E3F12AA6CE80B96C;
			projectDirPath = "";
			projectRoot = "";
			targets = (
				EAB4BCA6672825D5E0303DDE /* Recap */,
			);
		};
/* End PBXProject section */

/* Begin PBXResourcesBuildPhase section */
		01BF3D301ABB4CCE96ABA846 /* Resources */ = {
			isa = PBXResourcesBuildPhase;
			buildActionMask = 2147483647;
			files = (
				D2B76C7845FC5690352465B9 /* Assets.xcassets in Resources */,
			);
			runOnlyForDeploymentPostprocessing = 0;
		};
/* End PBXResourcesBuildPhase section */

/* Begin PBXSourcesBuildPhase section */
		19D8CCDFA3035C03DF862C83 /* Sources */ = {
			isa = PBXSourcesBuildPhase;
			buildActionMask = 2147483647;
			files = (
				4115A6D3D2FA03FBB6DC60D3 /* AppDelegate.swift in Sources */,
				4A649D3E75AE2C85C3A6204D /* ContentView.swift in Sources */,
				445D48D6D01AF56513B17EED /* MenuBarController.swift in Sources */,
				79F272544FDC200BDC347759 /* MenuBarPopoverView.swift in Sources */,
				CABBF207F5B93D96E12BA6F6 /* Recording.swift in Sources */,
				DC517FDEC057021F89F82146 /* RecordingState.swift in Sources */,
				BA0D894B8A70A46864DAB7A1 /* ScreenRecordingService.swift in Sources */,
				019FC9745E2AE505FD000A6B /* SettingsStore.swift in Sources */,
				34786EA22807337D3264FD45 /* Theme.swift in Sources */,
				30BB08B08852340A06D2BE10 /* main.swift in Sources */,
			);
			runOnlyForDeploymentPostprocessing = 0;
		};
/* End PBXSourcesBuildPhase section */

/* Begin XCBuildConfiguration section */
		06EBD3AA355B6DB7B70BB88C /* Release */ = {
			isa = XCBuildConfiguration;
			buildSettings = {
				ASSETCATALOG_COMPILER_APPICON_NAME = AppIcon;
				CODE_SIGN_ENTITLEMENTS = RECAP/Recap.entitlements;
				COMBINE_HIDPI_IMAGES = YES;
				INFOPLIST_FILE = RECAP/Info.plist;
				LD_RUNPATH_SEARCH_PATHS = "@executable_path/../Frameworks";
				PRODUCT_BUNDLE_IDENTIFIER = com.recap.app;
				SDKROOT = macosx;
			};
			name = Release;
		};
		72618B682995F44B4946E2E7 /* Debug */ = {
			isa = XCBuildConfiguration;
			buildSettings = {
				ASSETCATALOG_COMPILER_APPICON_NAME = AppIcon;
				CODE_SIGN_ENTITLEMENTS = RECAP/Recap.entitlements;
				COMBINE_HIDPI_IMAGES = YES;
				INFOPLIST_FILE = RECAP/Info.plist;
				LD_RUNPATH_SEARCH_PATHS = "@executable_path/../Frameworks";
				PRODUCT_BUNDLE_IDENTIFIER = com.recap.app;
				SDKROOT = macosx;
			};
			name = Debug;
		};
		C9C89B4DB5D77996986B4129 /* Release */ = {
			isa = XCBuildConfiguration;
			buildSettings = {
				ALWAYS_SEARCH_USER_PATHS = NO;
				CLANG_ANALYZER_NONNULL = YES;
				CLANG_ANALYZER_NUMBER_OBJECT_CONVERSION = YES_AGGRESSIVE;
				CLANG_CXX_LANGUAGE_STANDARD = "gnu++14";
				CLANG_CXX_LIBRARY = "libc++";
				CLANG_ENABLE_MODULES = YES;
				CLANG_ENABLE_OBJC_ARC = YES;
				CLANG_ENABLE_OBJC_WEAK = YES;
				CLANG_WARN_BLOCK_CAPTURE_AUTORELEASING = YES;
				CLANG_WARN_BOOL_CONVERSION = YES;
				CLANG_WARN_COMMA = YES;
				CLANG_WARN_CONSTANT_CONVERSION = YES;
				CLANG_WARN_DEPRECATED_OBJC_IMPLEMENTATIONS = YES;
				CLANG_WARN_DIRECT_OBJC_ISA_USAGE = YES_ERROR;
				CLANG_WARN_DOCUMENTATION_COMMENTS = YES;
				CLANG_WARN_EMPTY_BODY = YES;
				CLANG_WARN_ENUM_CONVERSION = YES;
				CLANG_WARN_INFINITE_RECURSION = YES;
				CLANG_WARN_INT_CONVERSION = YES;
				CLANG_WARN_NON_LITERAL_NULL_CONVERSION = YES;
				CLANG_WARN_OBJC_IMPLICIT_RETAIN_SELF = YES;
				CLANG_WARN_OBJC_LITERAL_CONVERSION = YES;
				CLANG_WARN_OBJC_ROOT_CLASS = YES_ERROR;
				CLANG_WARN_QUOTED_INCLUDE_IN_FRAMEWORK_HEADER = YES;
				CLANG_WARN_RANGE_LOOP_ANALYSIS = YES;
				CLANG_WARN_STRICT_PROTOTYPES = YES;
				CLANG_WARN_SUSPICIOUS_MOVE = YES;
				CLANG_WARN_UNGUARDED_AVAILABILITY = YES_AGGRESSIVE;
				CLANG_WARN_UNREACHABLE_CODE = YES;
				CLANG_WARN__DUPLICATE_METHOD_MATCH = YES;
				CODE_SIGN_IDENTITY = "-";
				CODE_SIGN_STYLE = Manual;
				COPY_PHASE_STRIP = NO;
				CURRENT_PROJECT_VERSION = 1;
				DEBUG_INFORMATION_FORMAT = "dwarf-with-dsym";
				DEVELOPMENT_TEAM = "";
				ENABLE_HARDENED_RUNTIME = YES;
				ENABLE_NS_ASSERTIONS = NO;
				ENABLE_STRICT_OBJC_MSGSEND = YES;
				GCC_C_LANGUAGE_STANDARD = gnu11;
				GCC_NO_COMMON_BLOCKS = YES;
				GCC_WARN_64_TO_32_BIT_CONVERSION = YES;
				GCC_WARN_ABOUT_RETURN_TYPE = YES_ERROR;
				GCC_WARN_UNDECLARED_SELECTOR = YES;
				GCC_WARN_UNINITIALIZED_AUTOS = YES_AGGRESSIVE;
				GCC_WARN_UNUSED_FUNCTION = YES;
				GCC_WARN_UNUSED_VARIABLE = YES;
				MACOSX_DEPLOYMENT_TARGET = 13.0;
				MARKETING_VERSION = 1.0.0;
				MTL_ENABLE_DEBUG_INFO = NO;
				MTL_FAST_MATH = YES;
				PRODUCT_NAME = Recap;
				SDKROOT = macosx;
				SWIFT_COMPILATION_MODE = wholemodule;
				SWIFT_OPTIMIZATION_LEVEL = "-O";
				SWIFT_VERSION = 5.9;
			};
			name = Release;
		};
		E9FFA81D82FCEBED9966B919 /* Debug */ = {
			isa = XCBuildConfiguration;
			buildSettings = {
				ALWAYS_SEARCH_USER_PATHS = NO;
				CLANG_ANALYZER_NONNULL = YES;
				CLANG_ANALYZER_NUMBER_OBJECT_CONVERSION = YES_AGGRESSIVE;
				CLANG_CXX_LANGUAGE_STANDARD = "gnu++14";
				CLANG_CXX_LIBRARY = "libc++";
				CLANG_ENABLE_MODULES = YES;
				CLANG_ENABLE_OBJC_ARC = YES;
				CLANG_ENABLE_OBJC_WEAK = YES;
				CLANG_WARN_BLOCK_CAPTURE_AUTORELEASING = YES;
				CLANG_WARN_BOOL_CONVERSION = YES;
				CLANG_WARN_COMMA = YES;
				CLANG_WARN_CONSTANT_CONVERSION = YES;
				CLANG_WARN_DEPRECATED_OBJC_IMPLEMENTATIONS = YES;
				CLANG_WARN_DIRECT_OBJC_ISA_USAGE = YES_ERROR;
				CLANG_WARN_DOCUMENTATION_COMMENTS = YES;
				CLANG_WARN_EMPTY_BODY = YES;
				CLANG_WARN_ENUM_CONVERSION = YES;
				CLANG_WARN_INFINITE_RECURSION = YES;
				CLANG_WARN_INT_CONVERSION = YES;
				CLANG_WARN_NON_LITERAL_NULL_CONVERSION = YES;
				CLANG_WARN_OBJC_IMPLICIT_RETAIN_SELF = YES;
				CLANG_WARN_OBJC_LITERAL_CONVERSION = YES;
				CLANG_WARN_OBJC_ROOT_CLASS = YES_ERROR;
				CLANG_WARN_QUOTED_INCLUDE_IN_FRAMEWORK_HEADER = YES;
				CLANG_WARN_RANGE_LOOP_ANALYSIS = YES;
				CLANG_WARN_STRICT_PROTOTYPES = YES;
				CLANG_WARN_SUSPICIOUS_MOVE = YES;
				CLANG_WARN_UNGUARDED_AVAILABILITY = YES_AGGRESSIVE;
				CLANG_WARN_UNREACHABLE_CODE = YES;
				CLANG_WARN__DUPLICATE_METHOD_MATCH = YES;
				CODE_SIGN_IDENTITY = "-";
				CODE_SIGN_STYLE = Manual;
				COPY_PHASE_STRIP = NO;
				CURRENT_PROJECT_VERSION = 1;
				DEBUG_INFORMATION_FORMAT = dwarf;
				DEVELOPMENT_TEAM = "";
				ENABLE_HARDENED_RUNTIME = YES;
				ENABLE_STRICT_OBJC_MSGSEND = YES;
				ENABLE_TESTABILITY = YES;
				GCC_C_LANGUAGE_STANDARD = gnu11;
				GCC_DYNAMIC_NO_PIC = NO;
				GCC_NO_COMMON_BLOCKS = YES;
				GCC_OPTIMIZATION_LEVEL = 0;
				GCC_PREPROCESSOR_DEFINITIONS = (
					"$(inherited)",
					"DEBUG=1",
				);
				GCC_WARN_64_TO_32_BIT_CONVERSION = YES;
				GCC_WARN_ABOUT_RETURN_TYPE = YES_ERROR;
				GCC_WARN_UNDECLARED_SELECTOR = YES;
				GCC_WARN_UNINITIALIZED_AUTOS = YES_AGGRESSIVE;
				GCC_WARN_UNUSED_FUNCTION = YES;
				GCC_WARN_UNUSED_VARIABLE = YES;
				MACOSX_DEPLOYMENT_TARGET = 13.0;
				MARKETING_VERSION = 1.0.0;
				MTL_ENABLE_DEBUG_INFO = INCLUDE_SOURCE;
				MTL_FAST_MATH = YES;
				ONLY_ACTIVE_ARCH = YES;
				PRODUCT_NAME = Recap;
				SDKROOT = macosx;
				SWIFT_ACTIVE_COMPILATION_CONDITIONS = DEBUG;
				SWIFT_OPTIMIZATION_LEVEL = "-Onone";
				SWIFT_VERSION = 5.9;
			};
			name = Debug;
		};
/* End XCBuildConfiguration section */

/* Begin XCConfigurationList section */
		1D885D412E9D8A3B87527F43 /* Build configuration list for PBXNativeTarget "Recap" */ = {
			isa = XCConfigurationList;
			buildConfigurations = (
				72618B682995F44B4946E2E7 /* Debug */,
				06EBD3AA355B6DB7B70BB88C /* Release */,
			);
			defaultConfigurationIsVisible = 0;
			defaultConfigurationName = Debug;
		};
		427B6FA6C3213B75D1E0360B /* Build configuration list for PBXProject "Recap" */ = {
			isa = XCConfigurationList;
			buildConfigurations = (
				E9FFA81D82FCEBED9966B919 /* Debug */,
				C9C89B4DB5D77996986B4129 /* Release */,
			);
			defaultConfigurationIsVisible = 0;
			defaultConfigurationName = Debug;
		};
/* End XCConfigurationList section */
	};
	rootObject = 3DEEBE2CE86703AC936E1FAD /* Project object */;
}
